dependencies:
- name: redis
  repository: https://raw.githubusercontent.com/bitnami/charts/archive-full-index/bitnami
  version: 9.3.2
- name: kafka
  repository: https://raw.githubusercontent.com/bitnami/charts/archive-full-index/bitnami
  version: 12.0.0
- name: clickhouse
  repository: https://sentry-kubernetes.github.io/charts
  version: 3.0.0
- name: rabbitmq
  repository: https://raw.githubusercontent.com/bitnami/charts/archive-full-index/bitnami
  version: 8.9.1
- name: postgresql
  repository: https://raw.githubusercontent.com/bitnami/charts/archive-full-index/bitnami
  version: 10.2.4
- name: nginx
  repository: https://raw.githubusercontent.com/bitnami/charts/archive-full-index/bitnami
  version: 6.0.5
digest: sha256:89e9fa1955a76912f549faedd5466b85be563a3aad90e0da5af34feed7a5104c
generated: "2022-09-15T15:41:20.489829+02:00"
