dependencies:
- name: common
  repository: https://charts.bitnami.com/bitnami
  version: 1.17.1
- name: airbyte-bootloader
  repository: https://pluralsh.github.io/plural-helm-charts
  version: 0.40.42
- name: temporal
  repository: https://pluralsh.github.io/plural-helm-charts
  version: 0.40.41
- name: webapp
  repository: https://pluralsh.github.io/plural-helm-charts
  version: 0.40.41
- name: server
  repository: https://pluralsh.github.io/plural-helm-charts
  version: 0.40.41
- name: worker
  repository: https://pluralsh.github.io/plural-helm-charts
  version: 0.40.41
- name: pod-sweeper
  repository: https://pluralsh.github.io/plural-helm-charts
  version: 0.40.41
- name: metrics
  repository: https://pluralsh.github.io/plural-helm-charts
  version: 0.40.41
- name: cron
  repository: https://pluralsh.github.io/plural-helm-charts
  version: 0.40.41
digest: sha256:0953799fe270801386472ebd88f7f6fdbe752658b5eb13b5221b023d93ee453e
generated: "2024-10-10T13:09:33.366673-04:00"
