dependencies:
- name: common
  repository: https://charts.bitnami.com/bitnami
  version: 1.17.1
- name: airbyte-bootloader
  repository: https://pluralsh.github.io/plural-helm-charts
  version: 0.40.43
- name: temporal
  repository: https://pluralsh.github.io/plural-helm-charts
  version: 0.40.41
- name: webapp
  repository: https://pluralsh.github.io/plural-helm-charts
  version: 0.40.41
- name: server
  repository: https://pluralsh.github.io/plural-helm-charts
  version: 0.40.41
- name: worker
  repository: https://pluralsh.github.io/plural-helm-charts
  version: 0.40.41
- name: pod-sweeper
  repository: https://pluralsh.github.io/plural-helm-charts
  version: 0.40.41
- name: metrics
  repository: https://pluralsh.github.io/plural-helm-charts
  version: 0.40.41
- name: cron
  repository: https://pluralsh.github.io/plural-helm-charts
  version: 0.40.41
digest: sha256:7f232c268ed189b3b1afb52498f49a91c40fa42d04d5940043a5a91af99e91d3
generated: "2024-10-15T15:14:04.495139981+02:00"
