dependencies:
- name: common
  repository: https://charts.bitnami.com/bitnami
  version: 1.10.3
- name: postgresql
  repository: https://charts.bitnami.com/bitnami
  version: 10.13.14
- name: minio
  repository: https://charts.bitnami.com/bitnami
  version: 7.3.2
digest: sha256:169d5b993a45e70d0ef07ab7fb8b01309d94c3a595f53d2934dcd819fd7b9b82
generated: "2021-12-15T13:44:36.200291573+01:00"
